# THIS IS AN AUTOGENERATED FILE. DO NOT EDIT THIS FILE DIRECTLY.
# yarn lockfile v1
font-awesome@^4.7.0:
  version "4.7.0"
  resolved "https://registry.yarnpkg.com/font-awesome/-/font-awesome-4.7.0.tgz#8fa8cf0411a1a31afd07b06d2902bb9fc815a133"

jquery-debounced-and-throttled-resize@^1.0.1:
  version "1.0.1"
  resolved "https://registry.yarnpkg.com/jquery-debounced-and-throttled-resize/-/jquery-debounced-and-throttled-resize-1.0.1.tgz#6dafb2441c51c18c873c5699395e122f8a99b9eb"

jquery@^3.1.1:
  version "3.1.1"
  resolved "https://registry.yarnpkg.com/jquery/-/jquery-3.1.1.tgz#347c1c21c7e004115e0a4da32cece041fad3c8a3"

tachyons@^4.5.5:
  version "4.5.5"
  resolved "https://registry.yarnpkg.com/tachyons/-/tachyons-4.5.5.tgz#8b1bde4a2659f4e17ff15ee5c313879a4236c818"

